// !$*UTF8*$!
{
	archiveVersion = 1;
	classes = {
	};
	objectVersion = 50;
	objects = {

/* Begin PBXBuildFile section */
		811A331522063A4200140199 /* AppDelegate.swift in Sources */ = {isa = PBXBuildFile; fileRef = 811A331422063A4200140199 /* AppDelegate.swift */; };
		811A331A22063A4200140199 /* Main.storyboard in Resources */ = {isa = PBXBuildFile; fileRef = 811A331822063A4200140199 /* Main.storyboard */; };
		811A331C22063A4500140199 /* Assets.xcassets in Resources */ = {isa = PBXBuildFile; fileRef = 811A331B22063A4500140199 /* Assets.xcassets */; };
		811A331F22063A4500140199 /* LaunchScreen.storyboard in Resources */ = {isa = PBXBuildFile; fileRef = 811A331D22063A4500140199 /* LaunchScreen.storyboard */; };
		811A332A22063A4500140199 /* PhotoramaTests.swift in Sources */ = {isa = PBXBuildFile; fileRef = 811A332922063A4500140199 /* PhotoramaTests.swift */; };
		811A333522063A4500140199 /* PhotoramaUITests.swift in Sources */ = {isa = PBXBuildFile; fileRef = 811A333422063A4500140199 /* PhotoramaUITests.swift */; };
		811A334322063B2800140199 /* PhotosViewController.swift in Sources */ = {isa = PBXBuildFile; fileRef = 811A334222063B2800140199 /* PhotosViewController.swift */; };
		811A33452206419A00140199 /* FlickrAPI.swift in Sources */ = {isa = PBXBuildFile; fileRef = 811A33442206419A00140199 /* FlickrAPI.swift */; };
		811A334722064E9D00140199 /* PhotoStore.swift in Sources */ = {isa = PBXBuildFile; fileRef = 811A334622064E9D00140199 /* PhotoStore.swift */; };
		811A3349220664A500140199 /* Photo.swift in Sources */ = {isa = PBXBuildFile; fileRef = 811A3348220664A500140199 /* Photo.swift */; };
		818B69142207B340002EB185 /* PhotoDataSource.swift in Sources */ = {isa = PBXBuildFile; fileRef = 818B69132207B340002EB185 /* PhotoDataSource.swift */; };
		818B69162207BA90002EB185 /* PhotoCollectionViewCell.swift in Sources */ = {isa = PBXBuildFile; fileRef = 818B69152207BA90002EB185 /* PhotoCollectionViewCell.swift */; };
		818B69182207D118002EB185 /* ImageStore.swift in Sources */ = {isa = PBXBuildFile; fileRef = 818B69172207D118002EB185 /* ImageStore.swift */; };
/* End PBXBuildFile section */

/* Begin PBXContainerItemProxy section */
		811A332622063A4500140199 /* PBXContainerItemProxy */ = {
			isa = PBXContainerItemProxy;
			containerPortal = 811A330922063A4200140199 /* Project object */;
			proxyType = 1;
			remoteGlobalIDString = 811A331022063A4200140199;
			remoteInfo = Photorama;
		};
		811A333122063A4500140199 /* PBXContainerItemProxy */ = {
			isa = PBXContainerItemProxy;
			containerPortal = 811A330922063A4200140199 /* Project object */;
			proxyType = 1;
			remoteGlobalIDString = 811A331022063A4200140199;
			remoteInfo = Photorama;
		};
/* End PBXContainerItemProxy section */

/* Begin PBXFileReference section */
		811A331122063A4200140199 /* Photorama.app */ = {isa = PBXFileReference; explicitFileType = wrapper.application; includeInIndex = 0; path = Photorama.app; sourceTree = BUILT_PRODUCTS_DIR; };
		811A331422063A4200140199 /* AppDelegate.swift */ = {isa = PBXFileReference; lastKnownFileType = sourcecode.swift; path = AppDelegate.swift; sourceTree = "<group>"; };
		811A331922063A4200140199 /* Base */ = {isa = PBXFileReference; lastKnownFileType = file.storyboard; name = Base; path = Base.lproj/Main.storyboard; sourceTree = "<group>"; };
		811A331B22063A4500140199 /* Assets.xcassets */ = {isa = PBXFileReference; lastKnownFileType = folder.assetcatalog; path = Assets.xcassets; sourceTree = "<group>"; };
		811A331E22063A4500140199 /* Base */ = {isa = PBXFileReference; lastKnownFileType = file.storyboard; name = Base; path = Base.lproj/LaunchScreen.storyboard; sourceTree = "<group>"; };
		811A332022063A4500140199 /* Info.plist */ = {isa = PBXFileReference; lastKnownFileType = text.plist.xml; path = Info.plist; sourceTree = "<group>"; };
		811A332522063A4500140199 /* PhotoramaTests.xctest */ = {isa = PBXFileReference; explicitFileType = wrapper.cfbundle; includeInIndex = 0; path = PhotoramaTests.xctest; sourceTree = BUILT_PRODUCTS_DIR; };
		811A332922063A4500140199 /* PhotoramaTests.swift */ = {isa = PBXFileReference; lastKnownFileType = sourcecode.swift; path = PhotoramaTests.swift; sourceTree = "<group>"; };
		811A332B22063A4500140199 /* Info.plist */ = {isa = PBXFileReference; lastKnownFileType = text.plist.xml; path = Info.plist; sourceTree = "<group>"; };
		811A333022063A4500140199 /* PhotoramaUITests.xctest */ = {isa = PBXFileReference; explicitFileType = wrapper.cfbundle; includeInIndex = 0; path = PhotoramaUITests.xctest; sourceTree = BUILT_PRODUCTS_DIR; };
		811A333422063A4500140199 /* PhotoramaUITests.swift */ = {isa = PBXFileReference; lastKnownFileType = sourcecode.swift; path = PhotoramaUITests.swift; sourceTree = "<group>"; };
		811A333622063A4500140199 /* Info.plist */ = {isa = PBXFileReference; lastKnownFileType = text.plist.xml; path = Info.plist; sourceTree = "<group>"; };
		811A334222063B2800140199 /* PhotosViewController.swift */ = {isa = PBXFileReference; lastKnownFileType = sourcecode.swift; path = PhotosViewController.swift; sourceTree = "<group>"; };
		811A33442206419A00140199 /* FlickrAPI.swift */ = {isa = PBXFileReference; lastKnownFileType = sourcecode.swift; path = FlickrAPI.swift; sourceTree = "<group>"; };
		811A334622064E9D00140199 /* PhotoStore.swift */ = {isa = PBXFileReference; lastKnownFileType = sourcecode.swift; path = PhotoStore.swift; sourceTree = "<group>"; };
		811A3348220664A500140199 /* Photo.swift */ = {isa = PBXFileReference; lastKnownFileType = sourcecode.swift; path = Photo.swift; sourceTree = "<group>"; };
		818B69132207B340002EB185 /* PhotoDataSource.swift */ = {isa = PBXFileReference; lastKnownFileType = sourcecode.swift; path = PhotoDataSource.swift; sourceTree = "<group>"; };
		818B69152207BA90002EB185 /* PhotoCollectionViewCell.swift */ = {isa = PBXFileReference; lastKnownFileType = sourcecode.swift; path = PhotoCollectionViewCell.swift; sourceTree = "<group>"; };
		818B69172207D118002EB185 /* ImageStore.swift */ = {isa = PBXFileReference; fileEncoding = 4; lastKnownFileType = sourcecode.swift; path = ImageStore.swift; sourceTree = "<group>"; };
/* End PBXFileReference section */

/* Begin PBXFrameworksBuildPhase section */
		811A330E22063A4200140199 /* Frameworks */ = {
			isa = PBXFrameworksBuildPhase;
			buildActionMask = 2147483647;
			files = (
			);
			runOnlyForDeploymentPostprocessing = 0;
		};
		811A332222063A4500140199 /* Frameworks */ = {
			isa = PBXFrameworksBuildPhase;
			buildActionMask = 2147483647;
			files = (
			);
			runOnlyForDeploymentPostprocessing = 0;
		};
		811A332D22063A4500140199 /* Frameworks */ = {
			isa = PBXFrameworksBuildPhase;
			buildActionMask = 2147483647;
			files = (
			);
			runOnlyForDeploymentPostprocessing = 0;
		};
/* End PBXFrameworksBuildPhase section */

/* Begin PBXGroup section */
		811A330822063A4200140199 = {
			isa = PBXGroup;
			children = (
				811A331322063A4200140199 /* Photorama */,
				811A332822063A4500140199 /* PhotoramaTests */,
				811A333322063A4500140199 /* PhotoramaUITests */,
				811A331222063A4200140199 /* Products */,
			);
			sourceTree = "<group>";
		};
		811A331222063A4200140199 /* Products */ = {
			isa = PBXGroup;
			children = (
				811A331122063A4200140199 /* Photorama.app */,
				811A332522063A4500140199 /* PhotoramaTests.xctest */,
				811A333022063A4500140199 /* PhotoramaUITests.xctest */,
			);
			name = Products;
			sourceTree = "<group>";
		};
		811A331322063A4200140199 /* Photorama */ = {
			isa = PBXGroup;
			children = (
				818B69172207D118002EB185 /* ImageStore.swift */,
				811A331422063A4200140199 /* AppDelegate.swift */,
				811A331822063A4200140199 /* Main.storyboard */,
				811A331B22063A4500140199 /* Assets.xcassets */,
				811A331D22063A4500140199 /* LaunchScreen.storyboard */,
				811A332022063A4500140199 /* Info.plist */,
				811A334222063B2800140199 /* PhotosViewController.swift */,
				811A33442206419A00140199 /* FlickrAPI.swift */,
				811A334622064E9D00140199 /* PhotoStore.swift */,
				811A3348220664A500140199 /* Photo.swift */,
				818B69132207B340002EB185 /* PhotoDataSource.swift */,
				818B69152207BA90002EB185 /* PhotoCollectionViewCell.swift */,
			);
			path = Photorama;
			sourceTree = "<group>";
		};
		811A332822063A4500140199 /* PhotoramaTests */ = {
			isa = PBXGroup;
			children = (
				811A332922063A4500140199 /* PhotoramaTests.swift */,
				811A332B22063A4500140199 /* Info.plist */,
			);
			path = PhotoramaTests;
			sourceTree = "<group>";
		};
		811A333322063A4500140199 /* PhotoramaUITests */ = {
			isa = PBXGroup;
			children = (
				811A333422063A4500140199 /* PhotoramaUITests.swift */,
				811A333622063A4500140199 /* Info.plist */,
			);
			path = PhotoramaUITests;
			sourceTree = "<group>";
		};
/* End PBXGroup section */

/* Begin PBXNativeTarget section */
		811A331022063A4200140199 /* Photorama */ = {
			isa = PBXNativeTarget;
			buildConfigurationList = 811A333922063A4500140199 /* Build configuration list for PBXNativeTarget "Photorama" */;
			buildPhases = (
				811A330D22063A4200140199 /* Sources */,
				811A330E22063A4200140199 /* Frameworks */,
				811A330F22063A4200140199 /* Resources */,
			);
			buildRules = (
			);
			dependencies = (
			);
			name = Photorama;
			productName = Photorama;
			productReference = 811A331122063A4200140199 /* Photorama.app */;
			productType = "com.apple.product-type.application";
		};
		811A332422063A4500140199 /* PhotoramaTests */ = {
			isa = PBXNativeTarget;
			buildConfigurationList = 811A333C22063A4500140199 /* Build configuration list for PBXNativeTarget "PhotoramaTests" */;
			buildPhases = (
				811A332122063A4500140199 /* Sources */,
				811A332222063A4500140199 /* Frameworks */,
				811A332322063A4500140199 /* Resources */,
			);
			buildRules = (
			);
			dependencies = (
				811A332722063A4500140199 /* PBXTargetDependency */,
			);
			name = PhotoramaTests;
			productName = PhotoramaTests;
			productReference = 811A332522063A4500140199 /* PhotoramaTests.xctest */;
			productType = "com.apple.product-type.bundle.unit-test";
		};
		811A332F22063A4500140199 /* PhotoramaUITests */ = {
			isa = PBXNativeTarget;
			buildConfigurationList = 811A333F22063A4500140199 /* Build configuration list for PBXNativeTarget "PhotoramaUITests" */;
			buildPhases = (
				811A332C22063A4500140199 /* Sources */,
				811A332D22063A4500140199 /* Frameworks */,
				811A332E22063A4500140199 /* Resources */,
			);
			buildRules = (
			);
			dependencies = (
				811A333222063A4500140199 /* PBXTargetDependency */,
			);
			name = PhotoramaUITests;
			productName = PhotoramaUITests;
			productReference = 811A333022063A4500140199 /* PhotoramaUITests.xctest */;
			productType = "com.apple.product-type.bundle.ui-testing";
		};
/* End PBXNativeTarget section */

/* Begin PBXProject section */
		811A330922063A4200140199 /* Project object */ = {
			isa = PBXProject;
			attributes = {
				LastSwiftUpdateCheck = 1010;
				LastUpgradeCheck = 1010;
				ORGANIZATIONNAME = "Sam Reaves Digital";
				TargetAttributes = {
					811A331022063A4200140199 = {
						CreatedOnToolsVersion = 10.1;
					};
					811A332422063A4500140199 = {
						CreatedOnToolsVersion = 10.1;
						TestTargetID = 811A331022063A4200140199;
					};
					811A332F22063A4500140199 = {
						CreatedOnToolsVersion = 10.1;
						TestTargetID = 811A331022063A4200140199;
					};
				};
			};
			buildConfigurationList = 811A330C22063A4200140199 /* Build configuration list for PBXProject "Photorama" */;
			compatibilityVersion = "Xcode 9.3";
			developmentRegion = en;
			hasScannedForEncodings = 0;
			knownRegions = (
				en,
				Base,
			);
			mainGroup = 811A330822063A4200140199;
			productRefGroup = 811A331222063A4200140199 /* Products */;
			projectDirPath = "";
			projectRoot = "";
			targets = (
				811A331022063A4200140199 /* Photorama */,
				811A332422063A4500140199 /* PhotoramaTests */,
				811A332F22063A4500140199 /* PhotoramaUITests */,
			);
		};
/* End PBXProject section */

/* Begin PBXResourcesBuildPhase section */
		811A330F22063A4200140199 /* Resources */ = {
			isa = PBXResourcesBuildPhase;
			buildActionMask = 2147483647;
			files = (
				811A331F22063A4500140199 /* LaunchScreen.storyboard in Resources */,
				811A331C22063A4500140199 /* Assets.xcassets in Resources */,
				811A331A22063A4200140199 /* Main.storyboard in Resources */,
			);
			runOnlyForDeploymentPostprocessing = 0;
		};
		811A332322063A4500140199 /* Resources */ = {
			isa = PBXResourcesBuildPhase;
			buildActionMask = 2147483647;
			files = (
			);
			runOnlyForDeploymentPostprocessing = 0;
		};
		811A332E22063A4500140199 /* Resources */ = {
			isa = PBXResourcesBuildPhase;
			buildActionMask = 2147483647;
			files = (
			);
			runOnlyForDeploymentPostprocessing = 0;
		};
/* End PBXResourcesBuildPhase section */

/* Begin PBXSourcesBuildPhase section */
		811A330D22063A4200140199 /* Sources */ = {
			isa = PBXSourcesBuildPhase;
			buildActionMask = 2147483647;
			files = (
				811A33452206419A00140199 /* FlickrAPI.swift in Sources */,
				811A331522063A4200140199 /* AppDelegate.swift in Sources */,
				811A334722064E9D00140199 /* PhotoStore.swift in Sources */,
				818B69182207D118002EB185 /* ImageStore.swift in Sources */,
				818B69142207B340002EB185 /* PhotoDataSource.swift in Sources */,
				818B69162207BA90002EB185 /* PhotoCollectionViewCell.swift in Sources */,
				811A334322063B2800140199 /* PhotosViewController.swift in Sources */,
				811A3349220664A500140199 /* Photo.swift in Sources */,
			);
			runOnlyForDeploymentPostprocessing = 0;
		};
		811A332122063A4500140199 /* Sources */ = {
			isa = PBXSourcesBuildPhase;
			buildActionMask = 2147483647;
			files = (
				811A332A22063A4500140199 /* PhotoramaTests.swift in Sources */,
			);
			runOnlyForDeploymentPostprocessing = 0;
		};
		811A332C22063A4500140199 /* Sources */ = {
			isa = PBXSourcesBuildPhase;
			buildActionMask = 2147483647;
			files = (
				811A333522063A4500140199 /* PhotoramaUITests.swift in Sources */,
			);
			runOnlyForDeploymentPostprocessing = 0;
		};
/* End PBXSourcesBuildPhase section */

/* Begin PBXTargetDependency section */
		811A332722063A4500140199 /* PBXTargetDependency */ = {
			isa = PBXTargetDependency;
			target = 811A331022063A4200140199 /* Photorama */;
			targetProxy = 811A332622063A4500140199 /* PBXContainerItemProxy */;
		};
		811A333222063A4500140199 /* PBXTargetDependency */ = {
			isa = PBXTargetDependency;
			target = 811A331022063A4200140199 /* Photorama */;
			targetProxy = 811A333122063A4500140199 /* PBXContainerItemProxy */;
		};
/* End PBXTargetDependency section */

/* Begin PBXVariantGroup section */
		811A331822063A4200140199 /* Main.storyboard */ = {
			isa = PBXVariantGroup;
			children = (
				811A331922063A4200140199 /* Base */,
			);
			name = Main.storyboard;
			sourceTree = "<group>";
		};
		811A331D22063A4500140199 /* LaunchScreen.storyboard */ = {
			isa = PBXVariantGroup;
			children = (
				811A331E22063A4500140199 /* Base */,
			);
			name = LaunchScreen.storyboard;
			sourceTree = "<group>";
		};
/* End PBXVariantGroup section */

/* Begin XCBuildConfiguration section */
		811A333722063A4500140199 /* Debug */ = {
			isa = XCBuildConfiguration;
			buildSettings = {
				ALWAYS_SEARCH_USER_PATHS = NO;
				CLANG_ANALYZER_NONNULL = YES;
				CLANG_ANALYZER_NUMBER_OBJECT_CONVERSION = YES_AGGRESSIVE;
				CLANG_CXX_LANGUAGE_STANDARD = "gnu++14";
				CLANG_CXX_LIBRARY = "libc++";
				CLANG_ENABLE_MODULES = YES;
				CLANG_ENABLE_OBJC_ARC = YES;
				CLANG_ENABLE_OBJC_WEAK = YES;
				CLANG_WARN_BLOCK_CAPTURE_AUTORELEASING = YES;
				CLANG_WARN_BOOL_CONVERSION = YES;
				CLANG_WARN_COMMA = YES;
				CLANG_WARN_CONSTANT_CONVERSION = YES;
				CLANG_WARN_DEPRECATED_OBJC_IMPLEMENTATIONS = YES;
				CLANG_WARN_DIRECT_OBJC_ISA_USAGE = YES_ERROR;
				CLANG_WARN_DOCUMENTATION_COMMENTS = YES;
				CLANG_WARN_EMPTY_BODY = YES;
				CLANG_WARN_ENUM_CONVERSION = YES;
				CLANG_WARN_INFINITE_RECURSION = YES;
				CLANG_WARN_INT_CONVERSION = YES;
				CLANG_WARN_NON_LITERAL_NULL_CONVERSION = YES;
				CLANG_WARN_OBJC_IMPLICIT_RETAIN_SELF = YES;
				CLANG_WARN_OBJC_LITERAL_CONVERSION = YES;
				CLANG_WARN_OBJC_ROOT_CLASS = YES_ERROR;
				CLANG_WARN_RANGE_LOOP_ANALYSIS = YES;
				CLANG_WARN_STRICT_PROTOTYPES = YES;
				CLANG_WARN_SUSPICIOUS_MOVE = YES;
				CLANG_WARN_UNGUARDED_AVAILABILITY = YES_AGGRESSIVE;
				CLANG_WARN_UNREACHABLE_CODE = YES;
				CLANG_WARN__DUPLICATE_METHOD_MATCH = YES;
				CODE_SIGN_IDENTITY = "iPhone Developer";
				COPY_PHASE_STRIP = NO;
				DEBUG_INFORMATION_FORMAT = dwarf;
				ENABLE_STRICT_OBJC_MSGSEND = YES;
				ENABLE_TESTABILITY = YES;
				GCC_C_LANGUAGE_STANDARD = gnu11;
				GCC_DYNAMIC_NO_PIC = NO;
				GCC_NO_COMMON_BLOCKS = YES;
				GCC_OPTIMIZATION_LEVEL = 0;
				GCC_PREPROCESSOR_DEFINITIONS = (
					"DEBUG=1",
					"$(inherited)",
				);
				GCC_WARN_64_TO_32_BIT_CONVERSION = YES;
				GCC_WARN_ABOUT_RETURN_TYPE = YES_ERROR;
				GCC_WARN_UNDECLARED_SELECTOR = YES;
				GCC_WARN_UNINITIALIZED_AUTOS = YES_AGGRESSIVE;
				GCC_WARN_UNUSED_FUNCTION = YES;
				GCC_WARN_UNUSED_VARIABLE = YES;
				IPHONEOS_DEPLOYMENT_TARGET = 12.1;
				MTL_ENABLE_DEBUG_INFO = INCLUDE_SOURCE;
				MTL_FAST_MATH = YES;
				ONLY_ACTIVE_ARCH = YES;
				SDKROOT = iphoneos;
				SWIFT_ACTIVE_COMPILATION_CONDITIONS = DEBUG;
				SWIFT_OPTIMIZATION_LEVEL = "-Onone";
			};
			name = Debug;
		};
		811A333822063A4500140199 /* Release */ = {
			isa = XCBuildConfiguration;
			buildSettings = {
				ALWAYS_SEARCH_USER_PATHS = NO;
				CLANG_ANALYZER_NONNULL = YES;
				CLANG_ANALYZER_NUMBER_OBJECT_CONVERSION = YES_AGGRESSIVE;
				CLANG_CXX_LANGUAGE_STANDARD = "gnu++14";
				CLANG_CXX_LIBRARY = "libc++";
				CLANG_ENABLE_MODULES = YES;
				CLANG_ENABLE_OBJC_ARC = YES;
				CLANG_ENABLE_OBJC_WEAK = YES;
				CLANG_WARN_BLOCK_CAPTURE_AUTORELEASING = YES;
				CLANG_WARN_BOOL_CONVERSION = YES;
				CLANG_WARN_COMMA = YES;
				CLANG_WARN_CONSTANT_CONVERSION = YES;
				CLANG_WARN_DEPRECATED_OBJC_IMPLEMENTATIONS = YES;
				CLANG_WARN_DIRECT_OBJC_ISA_USAGE = YES_ERROR;
				CLANG_WARN_DOCUMENTATION_COMMENTS = YES;
				CLANG_WARN_EMPTY_BODY = YES;
				CLANG_WARN_ENUM_CONVERSION = YES;
				CLANG_WARN_INFINITE_RECURSION = YES;
				CLANG_WARN_INT_CONVERSION = YES;
				CLANG_WARN_NON_LITERAL_NULL_CONVERSION = YES;
				CLANG_WARN_OBJC_IMPLICIT_RETAIN_SELF = YES;
				CLANG_WARN_OBJC_LITERAL_CONVERSION = YES;
				CLANG_WARN_OBJC_ROOT_CLASS = YES_ERROR;
				CLANG_WARN_RANGE_LOOP_ANALYSIS = YES;
				CLANG_WARN_STRICT_PROTOTYPES = YES;
				CLANG_WARN_SUSPICIOUS_MOVE = YES;
				CLANG_WARN_UNGUARDED_AVAILABILITY = YES_AGGRESSIVE;
				CLANG_WARN_UNREACHABLE_CODE = YES;
				CLANG_WARN__DUPLICATE_METHOD_MATCH = YES;
				CODE_SIGN_IDENTITY = "iPhone Developer";
				COPY_PHASE_STRIP = NO;
				DEBUG_INFORMATION_FORMAT = "dwarf-with-dsym";
				ENABLE_NS_ASSERTIONS = NO;
				ENABLE_STRICT_OBJC_MSGSEND = YES;
				GCC_C_LANGUAGE_STANDARD = gnu11;
				GCC_NO_COMMON_BLOCKS = YES;
				GCC_WARN_64_TO_32_BIT_CONVERSION = YES;
				GCC_WARN_ABOUT_RETURN_TYPE = YES_ERROR;
				GCC_WARN_UNDECLARED_SELECTOR = YES;
				GCC_WARN_UNINITIALIZED_AUTOS = YES_AGGRESSIVE;
				GCC_WARN_UNUSED_FUNCTION = YES;
				GCC_WARN_UNUSED_VARIABLE = YES;
				IPHONEOS_DEPLOYMENT_TARGET = 12.1;
				MTL_ENABLE_DEBUG_INFO = NO;
				MTL_FAST_MATH = YES;
				SDKROOT = iphoneos;
				SWIFT_COMPILATION_MODE = wholemodule;
				SWIFT_OPTIMIZATION_LEVEL = "-O";
				VALIDATE_PRODUCT = YES;
			};
			name = Release;
		};
		811A333A22063A4500140199 /* Debug */ = {
			isa = XCBuildConfiguration;
			buildSettings = {
				ASSETCATALOG_COMPILER_APPICON_NAME = AppIcon;
				CODE_SIGN_STYLE = Automatic;
				DEVELOPMENT_TEAM = MEN7G4YQU2;
				INFOPLIST_FILE = Photorama/Info.plist;
				LD_RUNPATH_SEARCH_PATHS = (
					"$(inherited)",
					"@executable_path/Frameworks",
				);
				PRODUCT_BUNDLE_IDENTIFIER = com.srd.Photorama;
				PRODUCT_NAME = "$(TARGET_NAME)";
				SWIFT_VERSION = 4.2;
				TARGETED_DEVICE_FAMILY = "1,2";
			};
			name = Debug;
		};
		811A333B22063A4500140199 /* Release */ = {
			isa = XCBuildConfiguration;
			buildSettings = {
				ASSETCATALOG_COMPILER_APPICON_NAME = AppIcon;
				CODE_SIGN_STYLE = Automatic;
				DEVELOPMENT_TEAM = MEN7G4YQU2;
				INFOPLIST_FILE = Photorama/Info.plist;
				LD_RUNPATH_SEARCH_PATHS = (
					"$(inherited)",
					"@executable_path/Frameworks",
				);
				PRODUCT_BUNDLE_IDENTIFIER = com.srd.Photorama;
				PRODUCT_NAME = "$(TARGET_NAME)";
				SWIFT_VERSION = 4.2;
				TARGETED_DEVICE_FAMILY = "1,2";
			};
			name = Release;
		};
		811A333D22063A4500140199 /* Debug */ = {
			isa = XCBuildConfiguration;
			buildSettings = {
				ALWAYS_EMBED_SWIFT_STANDARD_LIBRARIES = YES;
				BUNDLE_LOADER = "$(TEST_HOST)";
				CODE_SIGN_STYLE = Automatic;
				DEVELOPMENT_TEAM = MEN7G4YQU2;
				INFOPLIST_FILE = PhotoramaTests/Info.plist;
				LD_RUNPATH_SEARCH_PATHS = (
					"$(inherited)",
					"@executable_path/Frameworks",
					"@loader_path/Frameworks",
				);
				PRODUCT_BUNDLE_IDENTIFIER = com.srd.PhotoramaTests;
				PRODUCT_NAME = "$(TARGET_NAME)";
				SWIFT_VERSION = 4.2;
				TARGETED_DEVICE_FAMILY = "1,2";
				TEST_HOST = "$(BUILT_PRODUCTS_DIR)/Photorama.app/Photorama";
			};
			name = Debug;
		};
		811A333E22063A4500140199 /* Release */ = {
			isa = XCBuildConfiguration;
			buildSettings = {
				ALWAYS_EMBED_SWIFT_STANDARD_LIBRARIES = YES;
				BUNDLE_LOADER = "$(TEST_HOST)";
				CODE_SIGN_STYLE = Automatic;
				DEVELOPMENT_TEAM = MEN7G4YQU2;
				INFOPLIST_FILE = PhotoramaTests/Info.plist;
				LD_RUNPATH_SEARCH_PATHS = (
					"$(inherited)",
					"@executable_path/Frameworks",
					"@loader_path/Frameworks",
				);
				PRODUCT_BUNDLE_IDENTIFIER = com.srd.PhotoramaTests;
				PRODUCT_NAME = "$(TARGET_NAME)";
				SWIFT_VERSION = 4.2;
				TARGETED_DEVICE_FAMILY = "1,2";
				TEST_HOST = "$(BUILT_PRODUCTS_DIR)/Photorama.app/Photorama";
			};
			name = Release;
		};
		811A334022063A4500140199 /* Debug */ = {
			isa = XCBuildConfiguration;
			buildSettings = {
				ALWAYS_EMBED_SWIFT_STANDARD_LIBRARIES = YES;
				CODE_SIGN_STYLE = Automatic;
				DEVELOPMENT_TEAM = MEN7G4YQU2;
				INFOPLIST_FILE = PhotoramaUITests/Info.plist;
				LD_RUNPATH_SEARCH_PATHS = (
					"$(inherited)",
					"@executable_path/Frameworks",
					"@loader_path/Frameworks",
				);
				PRODUCT_BUNDLE_IDENTIFIER = com.srd.PhotoramaUITests;
				PRODUCT_NAME = "$(TARGET_NAME)";
				SWIFT_VERSION = 4.2;
				TARGETED_DEVICE_FAMILY = "1,2";
				TEST_TARGET_NAME = Photorama;
			};
			name = Debug;
		};
		811A334122063A4500140199 /* Release */ = {
			isa = XCBuildConfiguration;
			buildSettings = {
				ALWAYS_EMBED_SWIFT_STANDARD_LIBRARIES = YES;
				CODE_SIGN_STYLE = Automatic;
				DEVELOPMENT_TEAM = MEN7G4YQU2;
				INFOPLIST_FILE = PhotoramaUITests/Info.plist;
				LD_RUNPATH_SEARCH_PATHS = (
					"$(inherited)",
					"@executable_path/Frameworks",
					"@loader_path/Frameworks",
				);
				PRODUCT_BUNDLE_IDENTIFIER = com.srd.PhotoramaUITests;
				PRODUCT_NAME = "$(TARGET_NAME)";
				SWIFT_VERSION = 4.2;
				TARGETED_DEVICE_FAMILY = "1,2";
				TEST_TARGET_NAME = Photorama;
			};
			name = Release;
		};
/* End XCBuildConfiguration section */

/* Begin XCConfigurationList section */
		811A330C22063A4200140199 /* Build configuration list for PBXProject "Photorama" */ = {
			isa = XCConfigurationList;
			buildConfigurations = (
				811A333722063A4500140199 /* Debug */,
				811A333822063A4500140199 /* Release */,
			);
			defaultConfigurationIsVisible = 0;
			defaultConfigurationName = Release;
		};
		811A333922063A4500140199 /* Build configuration list for PBXNativeTarget "Photorama" */ = {
			isa = XCConfigurationList;
			buildConfigurations = (
				811A333A22063A4500140199 /* Debug */,
				811A333B22063A4500140199 /* Release */,
			);
			defaultConfigurationIsVisible = 0;
			defaultConfigurationName = Release;
		};
		811A333C22063A4500140199 /* Build configuration list for PBXNativeTarget "PhotoramaTests" */ = {
			isa = XCConfigurationList;
			buildConfigurations = (
				811A333D22063A4500140199 /* Debug */,
				811A333E22063A4500140199 /* Release */,
			);
			defaultConfigurationIsVisible = 0;
			defaultConfigurationName = Release;
		};
		811A333F22063A4500140199 /* Build configuration list for PBXNativeTarget "PhotoramaUITests" */ = {
			isa = XCConfigurationList;
			buildConfigurations = (
				811A334022063A4500140199 /* Debug */,
				811A334122063A4500140199 /* Release */,
			);
			defaultConfigurationIsVisible = 0;
			defaultConfigurationName = Release;
		};
/* End XCConfigurationList section */
	};
	rootObject = 811A330922063A4200140199 /* Project object */;
}
